PODS:
  - Alamofire (4.7.3)
  - HandyJSON (5.0.0-beta)
  - Kingfisher (4.10.0)

DEPENDENCIES:
  - Alamofire (~> 4.7.3)
  - HandyJSON (= 5.0.0-beta)
  - Kingfisher (~> 4.10.0)

SPEC REPOS:
  https://github.com/cocoapods/specs.git:
    - Alamofire
    - HandyJSON
    - Kingfisher

SPEC CHECKSUMS:
  Alamofire: c7287b6e5d7da964a70935e5db17046b7fde6568
  HandyJSON: b84ac9904050a0897a0802092b7cb8808e0a4e9a
  Kingfisher: 43c4b802d8b5256cf1f4379e9cd10b329be6d3e2

PODFILE CHECKSUM: 6d1b488f7fda35e3971a4b13ccf0ba1fbfdbddf7

COCOAPODS: 1.5.2
