// !$*UTF8*$!
{
	archiveVersion = 1;
	classes = {
	};
	objectVersion = 50;
	objects = {

/* Begin PBXBuildFile section */
		0BF007FC20F8A3CE00CA837A /* PageContentView.swift in Sources */ = {isa = PBXBuildFile; fileRef = 0BF007FB20F8A3CE00CA837A /* PageContentView.swift */; };
		0BF007FE20FC63D600CA837A /* UIColor-Extension.swift in Sources */ = {isa = PBXBuildFile; fileRef = 0BF007FD20FC63D600CA837A /* UIColor-Extension.swift */; };
		0BF0080020FEDBFB00CA837A /* RecommendViewController.swift in Sources */ = {isa = PBXBuildFile; fileRef = 0BF007FF20FEDBFB00CA837A /* RecommendViewController.swift */; };
		0BF0080320FF14CD00CA837A /* CollectionHeaderView.swift in Sources */ = {isa = PBXBuildFile; fileRef = 0BF0080120FF14CD00CA837A /* CollectionHeaderView.swift */; };
		0BF0080420FF14CD00CA837A /* CollectionHeaderView.xib in Resources */ = {isa = PBXBuildFile; fileRef = 0BF0080220FF14CD00CA837A /* CollectionHeaderView.xib */; };
		0BF0080720FF279600CA837A /* CollectionViewNormalCell.swift in Sources */ = {isa = PBXBuildFile; fileRef = 0BF0080520FF279600CA837A /* CollectionViewNormalCell.swift */; };
		0BF0080820FF279600CA837A /* CollectionViewNormalCell.xib in Resources */ = {isa = PBXBuildFile; fileRef = 0BF0080620FF279600CA837A /* CollectionViewNormalCell.xib */; };
		0BF0080B20FF2D2500CA837A /* CollectionViewPrettyCell.swift in Sources */ = {isa = PBXBuildFile; fileRef = 0BF0080920FF2D2500CA837A /* CollectionViewPrettyCell.swift */; };
		0BF0080C20FF2D2500CA837A /* CollectionViewPrettyCell.xib in Resources */ = {isa = PBXBuildFile; fileRef = 0BF0080A20FF2D2500CA837A /* CollectionViewPrettyCell.xib */; };
		0BF0081020FF3D9F00CA837A /* 斗鱼界面展示.mov in Resources */ = {isa = PBXBuildFile; fileRef = 0BF0080E20FF3D9F00CA837A /* 斗鱼界面展示.mov */; };
		0BF0081120FF3D9F00CA837A /* 屏幕快照 2018-07-18 下午5.18.23.png in Resources */ = {isa = PBXBuildFile; fileRef = 0BF0080F20FF3D9F00CA837A /* 屏幕快照 2018-07-18 下午5.18.23.png */; };
		0BFEA97020EF56A2002D9835 /* AppDelegate.swift in Sources */ = {isa = PBXBuildFile; fileRef = 0BFEA96F20EF56A2002D9835 /* AppDelegate.swift */; };
		0BFEA97520EF56A2002D9835 /* Main.storyboard in Resources */ = {isa = PBXBuildFile; fileRef = 0BFEA97320EF56A2002D9835 /* Main.storyboard */; };
		0BFEA97720EF56A3002D9835 /* Assets.xcassets in Resources */ = {isa = PBXBuildFile; fileRef = 0BFEA97620EF56A3002D9835 /* Assets.xcassets */; };
		0BFEA97A20EF56A3002D9835 /* LaunchScreen.storyboard in Resources */ = {isa = PBXBuildFile; fileRef = 0BFEA97820EF56A3002D9835 /* LaunchScreen.storyboard */; };
		0BFEA98520EF56A3002D9835 /* DouYuTVTests.swift in Sources */ = {isa = PBXBuildFile; fileRef = 0BFEA98420EF56A3002D9835 /* DouYuTVTests.swift */; };
		0BFEA99020EF56A3002D9835 /* DouYuTVUITests.swift in Sources */ = {isa = PBXBuildFile; fileRef = 0BFEA98F20EF56A3002D9835 /* DouYuTVUITests.swift */; };
		0BFEA9CF20F248DD002D9835 /* Follow.storyboard in Resources */ = {isa = PBXBuildFile; fileRef = 0BFEA9C920F248DC002D9835 /* Follow.storyboard */; };
		0BFEA9D020F248DD002D9835 /* Home.storyboard in Resources */ = {isa = PBXBuildFile; fileRef = 0BFEA9CB20F248DC002D9835 /* Home.storyboard */; };
		0BFEA9D120F248DD002D9835 /* Live.storyboard in Resources */ = {isa = PBXBuildFile; fileRef = 0BFEA9CD20F248DD002D9835 /* Live.storyboard */; };
		0BFEA9D720F249B1002D9835 /* Profile.storyboard in Resources */ = {isa = PBXBuildFile; fileRef = 0BFEA9D520F249B1002D9835 /* Profile.storyboard */; };
		0BFEA9D920F24C49002D9835 /* HomeViewController.swift in Sources */ = {isa = PBXBuildFile; fileRef = 0BFEA9D820F24C49002D9835 /* HomeViewController.swift */; };
		0BFEA9DB20F24C61002D9835 /* MainViewController.swift in Sources */ = {isa = PBXBuildFile; fileRef = 0BFEA9DA20F24C61002D9835 /* MainViewController.swift */; };
		0BFEA9E420F2F85B002D9835 /* UIBarButtonItem-Extension.swift in Sources */ = {isa = PBXBuildFile; fileRef = 0BFEA9E320F2F85B002D9835 /* UIBarButtonItem-Extension.swift */; };
		0BFEA9E620F33374002D9835 /* PageTitleView.swift in Sources */ = {isa = PBXBuildFile; fileRef = 0BFEA9E520F33374002D9835 /* PageTitleView.swift */; };
		0BFEA9E820F336AA002D9835 /* Common.swift in Sources */ = {isa = PBXBuildFile; fileRef = 0BFEA9E720F336AA002D9835 /* Common.swift */; };
/* End PBXBuildFile section */

/* Begin PBXContainerItemProxy section */
		0BFEA98120EF56A3002D9835 /* PBXContainerItemProxy */ = {
			isa = PBXContainerItemProxy;
			containerPortal = 0BFEA96420EF56A2002D9835 /* Project object */;
			proxyType = 1;
			remoteGlobalIDString = 0BFEA96B20EF56A2002D9835;
			remoteInfo = DouYuTV;
		};
		0BFEA98C20EF56A3002D9835 /* PBXContainerItemProxy */ = {
			isa = PBXContainerItemProxy;
			containerPortal = 0BFEA96420EF56A2002D9835 /* Project object */;
			proxyType = 1;
			remoteGlobalIDString = 0BFEA96B20EF56A2002D9835;
			remoteInfo = DouYuTV;
		};
/* End PBXContainerItemProxy section */

/* Begin PBXFileReference section */
		0BF007FB20F8A3CE00CA837A /* PageContentView.swift */ = {isa = PBXFileReference; lastKnownFileType = sourcecode.swift; path = PageContentView.swift; sourceTree = "<group>"; };
		0BF007FD20FC63D600CA837A /* UIColor-Extension.swift */ = {isa = PBXFileReference; lastKnownFileType = sourcecode.swift; path = "UIColor-Extension.swift"; sourceTree = "<group>"; };
		0BF007FF20FEDBFB00CA837A /* RecommendViewController.swift */ = {isa = PBXFileReference; lastKnownFileType = sourcecode.swift; path = RecommendViewController.swift; sourceTree = "<group>"; };
		0BF0080120FF14CD00CA837A /* CollectionHeaderView.swift */ = {isa = PBXFileReference; lastKnownFileType = sourcecode.swift; path = CollectionHeaderView.swift; sourceTree = "<group>"; };
		0BF0080220FF14CD00CA837A /* CollectionHeaderView.xib */ = {isa = PBXFileReference; lastKnownFileType = file.xib; path = CollectionHeaderView.xib; sourceTree = "<group>"; };
		0BF0080520FF279600CA837A /* CollectionViewNormalCell.swift */ = {isa = PBXFileReference; lastKnownFileType = sourcecode.swift; path = CollectionViewNormalCell.swift; sourceTree = "<group>"; };
		0BF0080620FF279600CA837A /* CollectionViewNormalCell.xib */ = {isa = PBXFileReference; lastKnownFileType = file.xib; path = CollectionViewNormalCell.xib; sourceTree = "<group>"; };
		0BF0080920FF2D2500CA837A /* CollectionViewPrettyCell.swift */ = {isa = PBXFileReference; lastKnownFileType = sourcecode.swift; path = CollectionViewPrettyCell.swift; sourceTree = "<group>"; };
		0BF0080A20FF2D2500CA837A /* CollectionViewPrettyCell.xib */ = {isa = PBXFileReference; lastKnownFileType = file.xib; path = CollectionViewPrettyCell.xib; sourceTree = "<group>"; };
		0BF0080E20FF3D9F00CA837A /* 斗鱼界面展示.mov */ = {isa = PBXFileReference; lastKnownFileType = video.quicktime; path = "斗鱼界面展示.mov"; sourceTree = "<group>"; };
		0BF0080F20FF3D9F00CA837A /* 屏幕快照 2018-07-18 下午5.18.23.png */ = {isa = PBXFileReference; lastKnownFileType = image.png; path = "屏幕快照 2018-07-18 下午5.18.23.png"; sourceTree = "<group>"; };
		0BFEA96C20EF56A2002D9835 /* DouYuTV.app */ = {isa = PBXFileReference; explicitFileType = wrapper.application; includeInIndex = 0; path = DouYuTV.app; sourceTree = BUILT_PRODUCTS_DIR; };
		0BFEA96F20EF56A2002D9835 /* AppDelegate.swift */ = {isa = PBXFileReference; lastKnownFileType = sourcecode.swift; path = AppDelegate.swift; sourceTree = "<group>"; };
		0BFEA97420EF56A2002D9835 /* Base */ = {isa = PBXFileReference; lastKnownFileType = file.storyboard; name = Base; path = Base.lproj/Main.storyboard; sourceTree = "<group>"; };
		0BFEA97620EF56A3002D9835 /* Assets.xcassets */ = {isa = PBXFileReference; lastKnownFileType = folder.assetcatalog; path = Assets.xcassets; sourceTree = "<group>"; };
		0BFEA97920EF56A3002D9835 /* Base */ = {isa = PBXFileReference; lastKnownFileType = file.storyboard; name = Base; path = Base.lproj/LaunchScreen.storyboard; sourceTree = "<group>"; };
		0BFEA97B20EF56A3002D9835 /* Info.plist */ = {isa = PBXFileReference; lastKnownFileType = text.plist.xml; path = Info.plist; sourceTree = "<group>"; };
		0BFEA98020EF56A3002D9835 /* DouYuTVTests.xctest */ = {isa = PBXFileReference; explicitFileType = wrapper.cfbundle; includeInIndex = 0; path = DouYuTVTests.xctest; sourceTree = BUILT_PRODUCTS_DIR; };
		0BFEA98420EF56A3002D9835 /* DouYuTVTests.swift */ = {isa = PBXFileReference; lastKnownFileType = sourcecode.swift; path = DouYuTVTests.swift; sourceTree = "<group>"; };
		0BFEA98620EF56A3002D9835 /* Info.plist */ = {isa = PBXFileReference; lastKnownFileType = text.plist.xml; path = Info.plist; sourceTree = "<group>"; };
		0BFEA98B20EF56A3002D9835 /* DouYuTVUITests.xctest */ = {isa = PBXFileReference; explicitFileType = wrapper.cfbundle; includeInIndex = 0; path = DouYuTVUITests.xctest; sourceTree = BUILT_PRODUCTS_DIR; };
		0BFEA98F20EF56A3002D9835 /* DouYuTVUITests.swift */ = {isa = PBXFileReference; lastKnownFileType = sourcecode.swift; path = DouYuTVUITests.swift; sourceTree = "<group>"; };
		0BFEA99120EF56A3002D9835 /* Info.plist */ = {isa = PBXFileReference; lastKnownFileType = text.plist.xml; path = Info.plist; sourceTree = "<group>"; };
		0BFEA9CA20F248DC002D9835 /* Base */ = {isa = PBXFileReference; lastKnownFileType = file.storyboard; name = Base; path = Base.lproj/Follow.storyboard; sourceTree = "<group>"; };
		0BFEA9CC20F248DC002D9835 /* Base */ = {isa = PBXFileReference; lastKnownFileType = file.storyboard; name = Base; path = Base.lproj/Home.storyboard; sourceTree = "<group>"; };
		0BFEA9CE20F248DD002D9835 /* Base */ = {isa = PBXFileReference; lastKnownFileType = file.storyboard; name = Base; path = Base.lproj/Live.storyboard; sourceTree = "<group>"; };
		0BFEA9D620F249B1002D9835 /* Base */ = {isa = PBXFileReference; lastKnownFileType = file.storyboard; name = Base; path = Base.lproj/Profile.storyboard; sourceTree = "<group>"; };
		0BFEA9D820F24C49002D9835 /* HomeViewController.swift */ = {isa = PBXFileReference; lastKnownFileType = sourcecode.swift; path = HomeViewController.swift; sourceTree = "<group>"; };
		0BFEA9DA20F24C61002D9835 /* MainViewController.swift */ = {isa = PBXFileReference; lastKnownFileType = sourcecode.swift; path = MainViewController.swift; sourceTree = "<group>"; };
		0BFEA9E320F2F85B002D9835 /* UIBarButtonItem-Extension.swift */ = {isa = PBXFileReference; lastKnownFileType = sourcecode.swift; path = "UIBarButtonItem-Extension.swift"; sourceTree = "<group>"; };
		0BFEA9E520F33374002D9835 /* PageTitleView.swift */ = {isa = PBXFileReference; lastKnownFileType = sourcecode.swift; path = PageTitleView.swift; sourceTree = "<group>"; };
		0BFEA9E720F336AA002D9835 /* Common.swift */ = {isa = PBXFileReference; lastKnownFileType = sourcecode.swift; path = Common.swift; sourceTree = "<group>"; };
/* End PBXFileReference section */

/* Begin PBXFrameworksBuildPhase section */
		0BFEA96920EF56A2002D9835 /* Frameworks */ = {
			isa = PBXFrameworksBuildPhase;
			buildActionMask = 2147483647;
			files = (
			);
			runOnlyForDeploymentPostprocessing = 0;
		};
		0BFEA97D20EF56A3002D9835 /* Frameworks */ = {
			isa = PBXFrameworksBuildPhase;
			buildActionMask = 2147483647;
			files = (
			);
			runOnlyForDeploymentPostprocessing = 0;
		};
		0BFEA98820EF56A3002D9835 /* Frameworks */ = {
			isa = PBXFrameworksBuildPhase;
			buildActionMask = 2147483647;
			files = (
			);
			runOnlyForDeploymentPostprocessing = 0;
		};
/* End PBXFrameworksBuildPhase section */

/* Begin PBXGroup section */
		0BF0080D20FF3D9F00CA837A /* image_show */ = {
			isa = PBXGroup;
			children = (
				0BF0080E20FF3D9F00CA837A /* 斗鱼界面展示.mov */,
				0BF0080F20FF3D9F00CA837A /* 屏幕快照 2018-07-18 下午5.18.23.png */,
			);
			path = image_show;
			sourceTree = "<group>";
		};
		0BFEA96320EF56A2002D9835 = {
			isa = PBXGroup;
			children = (
				0BFEA96E20EF56A2002D9835 /* DouYuTV */,
				0BFEA98320EF56A3002D9835 /* DouYuTVTests */,
				0BFEA98E20EF56A3002D9835 /* DouYuTVUITests */,
				0BFEA96D20EF56A2002D9835 /* Products */,
			);
			sourceTree = "<group>";
		};
		0BFEA96D20EF56A2002D9835 /* Products */ = {
			isa = PBXGroup;
			children = (
				0BFEA96C20EF56A2002D9835 /* DouYuTV.app */,
				0BFEA98020EF56A3002D9835 /* DouYuTVTests.xctest */,
				0BFEA98B20EF56A3002D9835 /* DouYuTVUITests.xctest */,
			);
			name = Products;
			sourceTree = "<group>";
		};
		0BFEA96E20EF56A2002D9835 /* DouYuTV */ = {
			isa = PBXGroup;
			children = (
				0BF0080D20FF3D9F00CA837A /* image_show */,
				0BFEA9AA20F239B3002D9835 /* Classes */,
				0BFEA96F20EF56A2002D9835 /* AppDelegate.swift */,
				0BFEA97620EF56A3002D9835 /* Assets.xcassets */,
				0BFEA97820EF56A3002D9835 /* LaunchScreen.storyboard */,
				0BFEA97B20EF56A3002D9835 /* Info.plist */,
			);
			path = DouYuTV;
			sourceTree = "<group>";
		};
		0BFEA98320EF56A3002D9835 /* DouYuTVTests */ = {
			isa = PBXGroup;
			children = (
				0BFEA98420EF56A3002D9835 /* DouYuTVTests.swift */,
				0BFEA98620EF56A3002D9835 /* Info.plist */,
			);
			path = DouYuTVTests;
			sourceTree = "<group>";
		};
		0BFEA98E20EF56A3002D9835 /* DouYuTVUITests */ = {
			isa = PBXGroup;
			children = (
				0BFEA98F20EF56A3002D9835 /* DouYuTVUITests.swift */,
				0BFEA99120EF56A3002D9835 /* Info.plist */,
			);
			path = DouYuTVUITests;
			sourceTree = "<group>";
		};
		0BFEA9AA20F239B3002D9835 /* Classes */ = {
			isa = PBXGroup;
			children = (
				0BFEA9B020F239B3002D9835 /* Main */,
				0BFEA9BE20F2477E002D9835 /* Home */,
				0BFEA9BF20F2477E002D9835 /* Live */,
				0BFEA9BC20F2477E002D9835 /* Follow */,
				0BFEA9C020F2477E002D9835 /* Profile */,
				0BFEA9BD20F2477E002D9835 /* Tools */,
			);
			path = Classes;
			sourceTree = "<group>";
		};
		0BFEA9B020F239B3002D9835 /* Main */ = {
			isa = PBXGroup;
			children = (
				0BFEA9E120F2E7C2002D9835 /* Model */,
				0BFEA9DF20F2E7C2002D9835 /* View */,
				0BFEA9E020F2E7C2002D9835 /* Controller */,
			);
			path = Main;
			sourceTree = "<group>";
		};
		0BFEA9BC20F2477E002D9835 /* Follow */ = {
			isa = PBXGroup;
			children = (
				0BFEA9C920F248DC002D9835 /* Follow.storyboard */,
			);
			path = Follow;
			sourceTree = "<group>";
		};
		0BFEA9BD20F2477E002D9835 /* Tools */ = {
			isa = PBXGroup;
			children = (
				0BFEA9E220F2F81F002D9835 /* Extension */,
				0BFEA9E720F336AA002D9835 /* Common.swift */,
			);
			path = Tools;
			sourceTree = "<group>";
		};
		0BFEA9BE20F2477E002D9835 /* Home */ = {
			isa = PBXGroup;
			children = (
				0BFEA9DD20F2E786002D9835 /* Model */,
				0BFEA9DC20F2E786002D9835 /* View */,
				0BFEA9DE20F2E786002D9835 /* Controller */,
			);
			path = Home;
			sourceTree = "<group>";
		};
		0BFEA9BF20F2477E002D9835 /* Live */ = {
			isa = PBXGroup;
			children = (
				0BFEA9CD20F248DD002D9835 /* Live.storyboard */,
			);
			path = Live;
			sourceTree = "<group>";
		};
		0BFEA9C020F2477E002D9835 /* Profile */ = {
			isa = PBXGroup;
			children = (
				0BFEA9D520F249B1002D9835 /* Profile.storyboard */,
			);
			path = Profile;
			sourceTree = "<group>";
		};
		0BFEA9DC20F2E786002D9835 /* View */ = {
			isa = PBXGroup;
			children = (
				0BF0080120FF14CD00CA837A /* CollectionHeaderView.swift */,
				0BF0080220FF14CD00CA837A /* CollectionHeaderView.xib */,
			);
			path = View;
			sourceTree = "<group>";
		};
		0BFEA9DD20F2E786002D9835 /* Model */ = {
			isa = PBXGroup;
			children = (
			);
			path = Model;
			sourceTree = "<group>";
		};
		0BFEA9DE20F2E786002D9835 /* Controller */ = {
			isa = PBXGroup;
			children = (
				0BFEA9CB20F248DC002D9835 /* Home.storyboard */,
				0BFEA9D820F24C49002D9835 /* HomeViewController.swift */,
				0BF007FF20FEDBFB00CA837A /* RecommendViewController.swift */,
			);
			path = Controller;
			sourceTree = "<group>";
		};
		0BFEA9DF20F2E7C2002D9835 /* View */ = {
			isa = PBXGroup;
			children = (
				0BF007FB20F8A3CE00CA837A /* PageContentView.swift */,
				0BFEA9E520F33374002D9835 /* PageTitleView.swift */,
				0BF0080520FF279600CA837A /* CollectionViewNormalCell.swift */,
				0BF0080620FF279600CA837A /* CollectionViewNormalCell.xib */,
				0BF0080920FF2D2500CA837A /* CollectionViewPrettyCell.swift */,
				0BF0080A20FF2D2500CA837A /* CollectionViewPrettyCell.xib */,
			);
			path = View;
			sourceTree = "<group>";
		};
		0BFEA9E020F2E7C2002D9835 /* Controller */ = {
			isa = PBXGroup;
			children = (
				0BFEA97320EF56A2002D9835 /* Main.storyboard */,
				0BFEA9DA20F24C61002D9835 /* MainViewController.swift */,
			);
			path = Controller;
			sourceTree = "<group>";
		};
		0BFEA9E120F2E7C2002D9835 /* Model */ = {
			isa = PBXGroup;
			children = (
			);
			path = Model;
			sourceTree = "<group>";
		};
		0BFEA9E220F2F81F002D9835 /* Extension */ = {
			isa = PBXGroup;
			children = (
				0BFEA9E320F2F85B002D9835 /* UIBarButtonItem-Extension.swift */,
				0BF007FD20FC63D600CA837A /* UIColor-Extension.swift */,
			);
			path = Extension;
			sourceTree = "<group>";
		};
/* End PBXGroup section */

/* Begin PBXNativeTarget section */
		0BFEA96B20EF56A2002D9835 /* DouYuTV */ = {
			isa = PBXNativeTarget;
			buildConfigurationList = 0BFEA99420EF56A3002D9835 /* Build configuration list for PBXNativeTarget "DouYuTV" */;
			buildPhases = (
				0BFEA96820EF56A2002D9835 /* Sources */,
				0BFEA96920EF56A2002D9835 /* Frameworks */,
				0BFEA96A20EF56A2002D9835 /* Resources */,
			);
			buildRules = (
			);
			dependencies = (
			);
			name = DouYuTV;
			productName = DouYuTV;
			productReference = 0BFEA96C20EF56A2002D9835 /* DouYuTV.app */;
			productType = "com.apple.product-type.application";
		};
		0BFEA97F20EF56A3002D9835 /* DouYuTVTests */ = {
			isa = PBXNativeTarget;
			buildConfigurationList = 0BFEA99720EF56A3002D9835 /* Build configuration list for PBXNativeTarget "DouYuTVTests" */;
			buildPhases = (
				0BFEA97C20EF56A3002D9835 /* Sources */,
				0BFEA97D20EF56A3002D9835 /* Frameworks */,
				0BFEA97E20EF56A3002D9835 /* Resources */,
			);
			buildRules = (
			);
			dependencies = (
				0BFEA98220EF56A3002D9835 /* PBXTargetDependency */,
			);
			name = DouYuTVTests;
			productName = DouYuTVTests;
			productReference = 0BFEA98020EF56A3002D9835 /* DouYuTVTests.xctest */;
			productType = "com.apple.product-type.bundle.unit-test";
		};
		0BFEA98A20EF56A3002D9835 /* DouYuTVUITests */ = {
			isa = PBXNativeTarget;
			buildConfigurationList = 0BFEA99A20EF56A3002D9835 /* Build configuration list for PBXNativeTarget "DouYuTVUITests" */;
			buildPhases = (
				0BFEA98720EF56A3002D9835 /* Sources */,
				0BFEA98820EF56A3002D9835 /* Frameworks */,
				0BFEA98920EF56A3002D9835 /* Resources */,
			);
			buildRules = (
			);
			dependencies = (
				0BFEA98D20EF56A3002D9835 /* PBXTargetDependency */,
			);
			name = DouYuTVUITests;
			productName = DouYuTVUITests;
			productReference = 0BFEA98B20EF56A3002D9835 /* DouYuTVUITests.xctest */;
			productType = "com.apple.product-type.bundle.ui-testing";
		};
/* End PBXNativeTarget section */

/* Begin PBXProject section */
		0BFEA96420EF56A2002D9835 /* Project object */ = {
			isa = PBXProject;
			attributes = {
				LastSwiftUpdateCheck = 0940;
				LastUpgradeCheck = 0940;
				ORGANIZATIONNAME = l;
				TargetAttributes = {
					0BFEA96B20EF56A2002D9835 = {
						CreatedOnToolsVersion = 9.4.1;
					};
					0BFEA97F20EF56A3002D9835 = {
						CreatedOnToolsVersion = 9.4.1;
						TestTargetID = 0BFEA96B20EF56A2002D9835;
					};
					0BFEA98A20EF56A3002D9835 = {
						CreatedOnToolsVersion = 9.4.1;
						TestTargetID = 0BFEA96B20EF56A2002D9835;
					};
				};
			};
			buildConfigurationList = 0BFEA96720EF56A2002D9835 /* Build configuration list for PBXProject "DouYuTV" */;
			compatibilityVersion = "Xcode 9.3";
			developmentRegion = en;
			hasScannedForEncodings = 0;
			knownRegions = (
				en,
				Base,
			);
			mainGroup = 0BFEA96320EF56A2002D9835;
			productRefGroup = 0BFEA96D20EF56A2002D9835 /* Products */;
			projectDirPath = "";
			projectRoot = "";
			targets = (
				0BFEA96B20EF56A2002D9835 /* DouYuTV */,
				0BFEA97F20EF56A3002D9835 /* DouYuTVTests */,
				0BFEA98A20EF56A3002D9835 /* DouYuTVUITests */,
			);
		};
/* End PBXProject section */

/* Begin PBXResourcesBuildPhase section */
		0BFEA96A20EF56A2002D9835 /* Resources */ = {
			isa = PBXResourcesBuildPhase;
			buildActionMask = 2147483647;
			files = (
				0BF0081020FF3D9F00CA837A /* 斗鱼界面展示.mov in Resources */,
				0BFEA97A20EF56A3002D9835 /* LaunchScreen.storyboard in Resources */,
				0BF0080420FF14CD00CA837A /* CollectionHeaderView.xib in Resources */,
				0BFEA9D020F248DD002D9835 /* Home.storyboard in Resources */,
				0BFEA9D120F248DD002D9835 /* Live.storyboard in Resources */,
				0BF0080C20FF2D2500CA837A /* CollectionViewPrettyCell.xib in Resources */,
				0BFEA97720EF56A3002D9835 /* Assets.xcassets in Resources */,
				0BF0080820FF279600CA837A /* CollectionViewNormalCell.xib in Resources */,
				0BFEA97520EF56A2002D9835 /* Main.storyboard in Resources */,
				0BF0081120FF3D9F00CA837A /* 屏幕快照 2018-07-18 下午5.18.23.png in Resources */,
				0BFEA9D720F249B1002D9835 /* Profile.storyboard in Resources */,
				0BFEA9CF20F248DD002D9835 /* Follow.storyboard in Resources */,
			);
			runOnlyForDeploymentPostprocessing = 0;
		};
		0BFEA97E20EF56A3002D9835 /* Resources */ = {
			isa = PBXResourcesBuildPhase;
			buildActionMask = 2147483647;
			files = (
			);
			runOnlyForDeploymentPostprocessing = 0;
		};
		0BFEA98920EF56A3002D9835 /* Resources */ = {
			isa = PBXResourcesBuildPhase;
			buildActionMask = 2147483647;
			files = (
			);
			runOnlyForDeploymentPostprocessing = 0;
		};
/* End PBXResourcesBuildPhase section */

/* Begin PBXSourcesBuildPhase section */
		0BFEA96820EF56A2002D9835 /* Sources */ = {
			isa = PBXSourcesBuildPhase;
			buildActionMask = 2147483647;
			files = (
				0BFEA9DB20F24C61002D9835 /* MainViewController.swift in Sources */,
				0BF0080320FF14CD00CA837A /* CollectionHeaderView.swift in Sources */,
				0BF007FE20FC63D600CA837A /* UIColor-Extension.swift in Sources */,
				0BF0080020FEDBFB00CA837A /* RecommendViewController.swift in Sources */,
				0BFEA97020EF56A2002D9835 /* AppDelegate.swift in Sources */,
				0BF0080720FF279600CA837A /* CollectionViewNormalCell.swift in Sources */,
				0BFEA9E620F33374002D9835 /* PageTitleView.swift in Sources */,
				0BF007FC20F8A3CE00CA837A /* PageContentView.swift in Sources */,
				0BF0080B20FF2D2500CA837A /* CollectionViewPrettyCell.swift in Sources */,
				0BFEA9E420F2F85B002D9835 /* UIBarButtonItem-Extension.swift in Sources */,
				0BFEA9E820F336AA002D9835 /* Common.swift in Sources */,
				0BFEA9D920F24C49002D9835 /* HomeViewController.swift in Sources */,
			);
			runOnlyForDeploymentPostprocessing = 0;
		};
		0BFEA97C20EF56A3002D9835 /* Sources */ = {
			isa = PBXSourcesBuildPhase;
			buildActionMask = 2147483647;
			files = (
				0BFEA98520EF56A3002D9835 /* DouYuTVTests.swift in Sources */,
			);
			runOnlyForDeploymentPostprocessing = 0;
		};
		0BFEA98720EF56A3002D9835 /* Sources */ = {
			isa = PBXSourcesBuildPhase;
			buildActionMask = 2147483647;
			files = (
				0BFEA99020EF56A3002D9835 /* DouYuTVUITests.swift in Sources */,
			);
			runOnlyForDeploymentPostprocessing = 0;
		};
/* End PBXSourcesBuildPhase section */

/* Begin PBXTargetDependency section */
		0BFEA98220EF56A3002D9835 /* PBXTargetDependency */ = {
			isa = PBXTargetDependency;
			target = 0BFEA96B20EF56A2002D9835 /* DouYuTV */;
			targetProxy = 0BFEA98120EF56A3002D9835 /* PBXContainerItemProxy */;
		};
		0BFEA98D20EF56A3002D9835 /* PBXTargetDependency */ = {
			isa = PBXTargetDependency;
			target = 0BFEA96B20EF56A2002D9835 /* DouYuTV */;
			targetProxy = 0BFEA98C20EF56A3002D9835 /* PBXContainerItemProxy */;
		};
/* End PBXTargetDependency section */

/* Begin PBXVariantGroup section */
		0BFEA97320EF56A2002D9835 /* Main.storyboard */ = {
			isa = PBXVariantGroup;
			children = (
				0BFEA97420EF56A2002D9835 /* Base */,
			);
			name = Main.storyboard;
			sourceTree = "<group>";
		};
		0BFEA97820EF56A3002D9835 /* LaunchScreen.storyboard */ = {
			isa = PBXVariantGroup;
			children = (
				0BFEA97920EF56A3002D9835 /* Base */,
			);
			name = LaunchScreen.storyboard;
			sourceTree = "<group>";
		};
		0BFEA9C920F248DC002D9835 /* Follow.storyboard */ = {
			isa = PBXVariantGroup;
			children = (
				0BFEA9CA20F248DC002D9835 /* Base */,
			);
			name = Follow.storyboard;
			sourceTree = "<group>";
		};
		0BFEA9CB20F248DC002D9835 /* Home.storyboard */ = {
			isa = PBXVariantGroup;
			children = (
				0BFEA9CC20F248DC002D9835 /* Base */,
			);
			name = Home.storyboard;
			sourceTree = "<group>";
		};
		0BFEA9CD20F248DD002D9835 /* Live.storyboard */ = {
			isa = PBXVariantGroup;
			children = (
				0BFEA9CE20F248DD002D9835 /* Base */,
			);
			name = Live.storyboard;
			sourceTree = "<group>";
		};
		0BFEA9D520F249B1002D9835 /* Profile.storyboard */ = {
			isa = PBXVariantGroup;
			children = (
				0BFEA9D620F249B1002D9835 /* Base */,
			);
			name = Profile.storyboard;
			sourceTree = "<group>";
		};
/* End PBXVariantGroup section */

/* Begin XCBuildConfiguration section */
		0BFEA99220EF56A3002D9835 /* Debug */ = {
			isa = XCBuildConfiguration;
			buildSettings = {
				ALWAYS_SEARCH_USER_PATHS = NO;
				CLANG_ANALYZER_NONNULL = YES;
				CLANG_ANALYZER_NUMBER_OBJECT_CONVERSION = YES_AGGRESSIVE;
				CLANG_CXX_LANGUAGE_STANDARD = "gnu++14";
				CLANG_CXX_LIBRARY = "libc++";
				CLANG_ENABLE_MODULES = YES;
				CLANG_ENABLE_OBJC_ARC = YES;
				CLANG_ENABLE_OBJC_WEAK = YES;
				CLANG_WARN_BLOCK_CAPTURE_AUTORELEASING = YES;
				CLANG_WARN_BOOL_CONVERSION = YES;
				CLANG_WARN_COMMA = YES;
				CLANG_WARN_CONSTANT_CONVERSION = YES;
				CLANG_WARN_DEPRECATED_OBJC_IMPLEMENTATIONS = YES;
				CLANG_WARN_DIRECT_OBJC_ISA_USAGE = YES_ERROR;
				CLANG_WARN_DOCUMENTATION_COMMENTS = YES;
				CLANG_WARN_EMPTY_BODY = YES;
				CLANG_WARN_ENUM_CONVERSION = YES;
				CLANG_WARN_INFINITE_RECURSION = YES;
				CLANG_WARN_INT_CONVERSION = YES;
				CLANG_WARN_NON_LITERAL_NULL_CONVERSION = YES;
				CLANG_WARN_OBJC_IMPLICIT_RETAIN_SELF = YES;
				CLANG_WARN_OBJC_LITERAL_CONVERSION = YES;
				CLANG_WARN_OBJC_ROOT_CLASS = YES_ERROR;
				CLANG_WARN_RANGE_LOOP_ANALYSIS = YES;
				CLANG_WARN_STRICT_PROTOTYPES = YES;
				CLANG_WARN_SUSPICIOUS_MOVE = YES;
				CLANG_WARN_UNGUARDED_AVAILABILITY = YES_AGGRESSIVE;
				CLANG_WARN_UNREACHABLE_CODE = YES;
				CLANG_WARN__DUPLICATE_METHOD_MATCH = YES;
				CODE_SIGN_IDENTITY = "iPhone Developer";
				COPY_PHASE_STRIP = NO;
				DEBUG_INFORMATION_FORMAT = dwarf;
				ENABLE_STRICT_OBJC_MSGSEND = YES;
				ENABLE_TESTABILITY = YES;
				GCC_C_LANGUAGE_STANDARD = gnu11;
				GCC_DYNAMIC_NO_PIC = NO;
				GCC_NO_COMMON_BLOCKS = YES;
				GCC_OPTIMIZATION_LEVEL = 0;
				GCC_PREPROCESSOR_DEFINITIONS = (
					"DEBUG=1",
					"$(inherited)",
				);
				GCC_WARN_64_TO_32_BIT_CONVERSION = YES;
				GCC_WARN_ABOUT_RETURN_TYPE = YES_ERROR;
				GCC_WARN_UNDECLARED_SELECTOR = YES;
				GCC_WARN_UNINITIALIZED_AUTOS = YES_AGGRESSIVE;
				GCC_WARN_UNUSED_FUNCTION = YES;
				GCC_WARN_UNUSED_VARIABLE = YES;
				IPHONEOS_DEPLOYMENT_TARGET = 11.4;
				MTL_ENABLE_DEBUG_INFO = YES;
				ONLY_ACTIVE_ARCH = YES;
				SDKROOT = iphoneos;
				SWIFT_ACTIVE_COMPILATION_CONDITIONS = DEBUG;
				SWIFT_OPTIMIZATION_LEVEL = "-Onone";
			};
			name = Debug;
		};
		0BFEA99320EF56A3002D9835 /* Release */ = {
			isa = XCBuildConfiguration;
			buildSettings = {
				ALWAYS_SEARCH_USER_PATHS = NO;
				CLANG_ANALYZER_NONNULL = YES;
				CLANG_ANALYZER_NUMBER_OBJECT_CONVERSION = YES_AGGRESSIVE;
				CLANG_CXX_LANGUAGE_STANDARD = "gnu++14";
				CLANG_CXX_LIBRARY = "libc++";
				CLANG_ENABLE_MODULES = YES;
				CLANG_ENABLE_OBJC_ARC = YES;
				CLANG_ENABLE_OBJC_WEAK = YES;
				CLANG_WARN_BLOCK_CAPTURE_AUTORELEASING = YES;
				CLANG_WARN_BOOL_CONVERSION = YES;
				CLANG_WARN_COMMA = YES;
				CLANG_WARN_CONSTANT_CONVERSION = YES;
				CLANG_WARN_DEPRECATED_OBJC_IMPLEMENTATIONS = YES;
				CLANG_WARN_DIRECT_OBJC_ISA_USAGE = YES_ERROR;
				CLANG_WARN_DOCUMENTATION_COMMENTS = YES;
				CLANG_WARN_EMPTY_BODY = YES;
				CLANG_WARN_ENUM_CONVERSION = YES;
				CLANG_WARN_INFINITE_RECURSION = YES;
				CLANG_WARN_INT_CONVERSION = YES;
				CLANG_WARN_NON_LITERAL_NULL_CONVERSION = YES;
				CLANG_WARN_OBJC_IMPLICIT_RETAIN_SELF = YES;
				CLANG_WARN_OBJC_LITERAL_CONVERSION = YES;
				CLANG_WARN_OBJC_ROOT_CLASS = YES_ERROR;
				CLANG_WARN_RANGE_LOOP_ANALYSIS = YES;
				CLANG_WARN_STRICT_PROTOTYPES = YES;
				CLANG_WARN_SUSPICIOUS_MOVE = YES;
				CLANG_WARN_UNGUARDED_AVAILABILITY = YES_AGGRESSIVE;
				CLANG_WARN_UNREACHABLE_CODE = YES;
				CLANG_WARN__DUPLICATE_METHOD_MATCH = YES;
				CODE_SIGN_IDENTITY = "iPhone Developer";
				COPY_PHASE_STRIP = NO;
				DEBUG_INFORMATION_FORMAT = "dwarf-with-dsym";
				ENABLE_NS_ASSERTIONS = NO;
				ENABLE_STRICT_OBJC_MSGSEND = YES;
				GCC_C_LANGUAGE_STANDARD = gnu11;
				GCC_NO_COMMON_BLOCKS = YES;
				GCC_WARN_64_TO_32_BIT_CONVERSION = YES;
				GCC_WARN_ABOUT_RETURN_TYPE = YES_ERROR;
				GCC_WARN_UNDECLARED_SELECTOR = YES;
				GCC_WARN_UNINITIALIZED_AUTOS = YES_AGGRESSIVE;
				GCC_WARN_UNUSED_FUNCTION = YES;
				GCC_WARN_UNUSED_VARIABLE = YES;
				IPHONEOS_DEPLOYMENT_TARGET = 11.4;
				MTL_ENABLE_DEBUG_INFO = NO;
				SDKROOT = iphoneos;
				SWIFT_COMPILATION_MODE = wholemodule;
				SWIFT_OPTIMIZATION_LEVEL = "-O";
				VALIDATE_PRODUCT = YES;
			};
			name = Release;
		};
		0BFEA99520EF56A3002D9835 /* Debug */ = {
			isa = XCBuildConfiguration;
			buildSettings = {
				ASSETCATALOG_COMPILER_APPICON_NAME = AppIcon;
				ASSETCATALOG_COMPILER_LAUNCHIMAGE_NAME = LaunchImage;
				CODE_SIGN_IDENTITY = "iPhone Developer";
				CODE_SIGN_STYLE = Automatic;
				DEVELOPMENT_TEAM = "";
				INFOPLIST_FILE = DouYuTV/Info.plist;
				IPHONEOS_DEPLOYMENT_TARGET = 9.0;
				LD_RUNPATH_SEARCH_PATHS = (
					"$(inherited)",
					"@executable_path/Frameworks",
				);
				PRODUCT_BUNDLE_IDENTIFIER = ly.DouYuTV;
				PRODUCT_NAME = "$(TARGET_NAME)";
				PROVISIONING_PROFILE_SPECIFIER = "";
				SWIFT_VERSION = 4.0;
				TARGETED_DEVICE_FAMILY = "1,2";
			};
			name = Debug;
		};
		0BFEA99620EF56A3002D9835 /* Release */ = {
			isa = XCBuildConfiguration;
			buildSettings = {
				ASSETCATALOG_COMPILER_APPICON_NAME = AppIcon;
				ASSETCATALOG_COMPILER_LAUNCHIMAGE_NAME = LaunchImage;
				CODE_SIGN_IDENTITY = "iPhone Developer";
				CODE_SIGN_STYLE = Automatic;
				DEVELOPMENT_TEAM = "";
				INFOPLIST_FILE = DouYuTV/Info.plist;
				IPHONEOS_DEPLOYMENT_TARGET = 9.0;
				LD_RUNPATH_SEARCH_PATHS = (
					"$(inherited)",
					"@executable_path/Frameworks",
				);
				PRODUCT_BUNDLE_IDENTIFIER = ly.DouYuTV;
				PRODUCT_NAME = "$(TARGET_NAME)";
				PROVISIONING_PROFILE_SPECIFIER = "";
				SWIFT_VERSION = 4.0;
				TARGETED_DEVICE_FAMILY = "1,2";
			};
			name = Release;
		};
		0BFEA99820EF56A3002D9835 /* Debug */ = {
			isa = XCBuildConfiguration;
			buildSettings = {
				ALWAYS_EMBED_SWIFT_STANDARD_LIBRARIES = YES;
				BUNDLE_LOADER = "$(TEST_HOST)";
				CODE_SIGN_STYLE = Automatic;
				DEVELOPMENT_TEAM = GWU2GPVT35;
				INFOPLIST_FILE = DouYuTVTests/Info.plist;
				LD_RUNPATH_SEARCH_PATHS = (
					"$(inherited)",
					"@executable_path/Frameworks",
					"@loader_path/Frameworks",
				);
				PRODUCT_BUNDLE_IDENTIFIER = ly.DouYuTVTests;
				PRODUCT_NAME = "$(TARGET_NAME)";
				SWIFT_VERSION = 4.0;
				TARGETED_DEVICE_FAMILY = "1,2";
				TEST_HOST = "$(BUILT_PRODUCTS_DIR)/DouYuTV.app/DouYuTV";
			};
			name = Debug;
		};
		0BFEA99920EF56A3002D9835 /* Release */ = {
			isa = XCBuildConfiguration;
			buildSettings = {
				ALWAYS_EMBED_SWIFT_STANDARD_LIBRARIES = YES;
				BUNDLE_LOADER = "$(TEST_HOST)";
				CODE_SIGN_STYLE = Automatic;
				DEVELOPMENT_TEAM = GWU2GPVT35;
				INFOPLIST_FILE = DouYuTVTests/Info.plist;
				LD_RUNPATH_SEARCH_PATHS = (
					"$(inherited)",
					"@executable_path/Frameworks",
					"@loader_path/Frameworks",
				);
				PRODUCT_BUNDLE_IDENTIFIER = ly.DouYuTVTests;
				PRODUCT_NAME = "$(TARGET_NAME)";
				SWIFT_VERSION = 4.0;
				TARGETED_DEVICE_FAMILY = "1,2";
				TEST_HOST = "$(BUILT_PRODUCTS_DIR)/DouYuTV.app/DouYuTV";
			};
			name = Release;
		};
		0BFEA99B20EF56A3002D9835 /* Debug */ = {
			isa = XCBuildConfiguration;
			buildSettings = {
				ALWAYS_EMBED_SWIFT_STANDARD_LIBRARIES = YES;
				CODE_SIGN_STYLE = Automatic;
				DEVELOPMENT_TEAM = GWU2GPVT35;
				INFOPLIST_FILE = DouYuTVUITests/Info.plist;
				LD_RUNPATH_SEARCH_PATHS = (
					"$(inherited)",
					"@executable_path/Frameworks",
					"@loader_path/Frameworks",
				);
				PRODUCT_BUNDLE_IDENTIFIER = ly.DouYuTVUITests;
				PRODUCT_NAME = "$(TARGET_NAME)";
				SWIFT_VERSION = 4.0;
				TARGETED_DEVICE_FAMILY = "1,2";
				TEST_TARGET_NAME = DouYuTV;
			};
			name = Debug;
		};
		0BFEA99C20EF56A3002D9835 /* Release */ = {
			isa = XCBuildConfiguration;
			buildSettings = {
				ALWAYS_EMBED_SWIFT_STANDARD_LIBRARIES = YES;
				CODE_SIGN_STYLE = Automatic;
				DEVELOPMENT_TEAM = GWU2GPVT35;
				INFOPLIST_FILE = DouYuTVUITests/Info.plist;
				LD_RUNPATH_SEARCH_PATHS = (
					"$(inherited)",
					"@executable_path/Frameworks",
					"@loader_path/Frameworks",
				);
				PRODUCT_BUNDLE_IDENTIFIER = ly.DouYuTVUITests;
				PRODUCT_NAME = "$(TARGET_NAME)";
				SWIFT_VERSION = 4.0;
				TARGETED_DEVICE_FAMILY = "1,2";
				TEST_TARGET_NAME = DouYuTV;
			};
			name = Release;
		};
/* End XCBuildConfiguration section */

/* Begin XCConfigurationList section */
		0BFEA96720EF56A2002D9835 /* Build configuration list for PBXProject "DouYuTV" */ = {
			isa = XCConfigurationList;
			buildConfigurations = (
				0BFEA99220EF56A3002D9835 /* Debug */,
				0BFEA99320EF56A3002D9835 /* Release */,
			);
			defaultConfigurationIsVisible = 0;
			defaultConfigurationName = Release;
		};
		0BFEA99420EF56A3002D9835 /* Build configuration list for PBXNativeTarget "DouYuTV" */ = {
			isa = XCConfigurationList;
			buildConfigurations = (
				0BFEA99520EF56A3002D9835 /* Debug */,
				0BFEA99620EF56A3002D9835 /* Release */,
			);
			defaultConfigurationIsVisible = 0;
			defaultConfigurationName = Release;
		};
		0BFEA99720EF56A3002D9835 /* Build configuration list for PBXNativeTarget "DouYuTVTests" */ = {
			isa = XCConfigurationList;
			buildConfigurations = (
				0BFEA99820EF56A3002D9835 /* Debug */,
				0BFEA99920EF56A3002D9835 /* Release */,
			);
			defaultConfigurationIsVisible = 0;
			defaultConfigurationName = Release;
		};
		0BFEA99A20EF56A3002D9835 /* Build configuration list for PBXNativeTarget "DouYuTVUITests" */ = {
			isa = XCConfigurationList;
			buildConfigurations = (
				0BFEA99B20EF56A3002D9835 /* Debug */,
				0BFEA99C20EF56A3002D9835 /* Release */,
			);
			defaultConfigurationIsVisible = 0;
			defaultConfigurationName = Release;
		};
/* End XCConfigurationList section */
	};
	rootObject = 0BFEA96420EF56A2002D9835 /* Project object */;
}
